
Microsoft Visual Studio Solution File, Format Version 12.00
# Visual Studio 15
VisualStudioVersion = 15.0.28307.421
MinimumVisualStudioVersion = 10.0.40219.1
Project("{FAE04EC0-301F-11D3-BF4B-00C04F79EFBC}") = "circusTrein", "circ\circusTrein.csproj", "{2448A4C2-4A4D-4224-B09C-25BB6ABC1355}"
EndProject
Project("{FAE04EC0-301F-11D3-BF4B-00C04F79EFBC}") = "Units", "Units\Units.csproj", "{49526CB2-0038-476E-9695-3F81E35C3202}"
EndProject
Global
	GlobalSection(SolutionConfigurationPlatforms) = preSolution
		Debug|Any CPU = Debug|Any CPU
		Release|Any CPU = Release|Any CPU
	EndGlobalSection
	GlobalSection(ProjectConfigurationPlatforms) = postSolution
		{2448A4C2-4A4D-4224-B09C-25BB6ABC1355}.Debug|Any CPU.ActiveCfg = Debug|Any CPU
		{2448A4C2-4A4D-4224-B09C-25BB6ABC1355}.Debug|Any CPU.Build.0 = Debug|Any CPU
		{2448A4C2-4A4D-4224-B09C-25BB6ABC1355}.Release|Any CPU.ActiveCfg = Release|Any CPU
		{2448A4C2-4A4D-4224-B09C-25BB6ABC1355}.Release|Any CPU.Build.0 = Release|Any CPU
		{49526CB2-0038-476E-9695-3F81E35C3202}.Debug|Any CPU.ActiveCfg = Debug|Any CPU
		{49526CB2-0038-476E-9695-3F81E35C3202}.Debug|Any CPU.Build.0 = Debug|Any CPU
		{49526CB2-0038-476E-9695-3F81E35C3202}.Release|Any CPU.ActiveCfg = Release|Any CPU
		{49526CB2-0038-476E-9695-3F81E35C3202}.Release|Any CPU.Build.0 = Release|Any CPU
	EndGlobalSection
	GlobalSection(SolutionProperties) = preSolution
		HideSolutionNode = FALSE
	EndGlobalSection
	GlobalSection(ExtensibilityGlobals) = postSolution
		SolutionGuid = {657C5F11-3F2A-4A0F-8435-0FDF8134EF62}
	EndGlobalSection
EndGlobal
